
Microsoft Visual Studio Solution File, Format Version 12.00
# Visual Studio Version 17
VisualStudioVersion = 17.7.34031.279
MinimumVisualStudioVersion = 10.0.40219.1
Project("{FAE04EC0-301F-11D3-BF4B-00C04F79EFBC}") = "PlayableTextRPG", "PlayableTextRPG.csproj", "{29CC1E01-5428-4EF0-98D4-DFF48F4ACCB0}"
EndProject
Global
	GlobalSection(SolutionConfigurationPlatforms) = preSolution
		Debug|Any CPU = Debug|Any CPU
		Release|Any CPU = Release|Any CPU
	EndGlobalSection
	GlobalSection(ProjectConfigurationPlatforms) = postSolution
		{29CC1E01-5428-4EF0-98D4-DFF48F4ACCB0}.Debug|Any CPU.ActiveCfg = Debug|Any CPU
		{29CC1E01-5428-4EF0-98D4-DFF48F4ACCB0}.Debug|Any CPU.Build.0 = Debug|Any CPU
		{29CC1E01-5428-4EF0-98D4-DFF48F4ACCB0}.Release|Any CPU.ActiveCfg = Release|Any CPU
		{29CC1E01-5428-4EF0-98D4-DFF48F4ACCB0}.Release|Any CPU.Build.0 = Release|Any CPU
	EndGlobalSection
	GlobalSection(SolutionProperties) = preSolution
		HideSolutionNode = FALSE
	EndGlobalSection
	GlobalSection(ExtensibilityGlobals) = postSolution
		SolutionGuid = {DC6FB43F-4CE4-47B9-B6E5-EC013E880E09}
	EndGlobalSection
EndGlobal
